
Microsoft Visual Studio Solution File, Format Version 12.00
# Visual Studio 15
VisualStudioVersion = 15.0.28307.136
MinimumVisualStudioVersion = 10.0.40219.1
Project("{FAE04EC0-301F-11D3-BF4B-00C04F79EFBC}") = "P02.Deciphering", "DemoExam01-12-2018\P02.Deciphering.csproj", "{75359096-14B3-4E86-9778-898F9E0EEF4D}"
EndProject
Project("{FAE04EC0-301F-11D3-BF4B-00C04F79EFBC}") = "P01.Dictionary", "P01.Dictionary\P01.Dictionary.csproj", "{6A19EF81-2C15-4B36-8687-455BE54E1243}"
EndProject
Global
	GlobalSection(SolutionConfigurationPlatforms) = preSolution
		Debug|Any CPU = Debug|Any CPU
		Release|Any CPU = Release|Any CPU
	EndGlobalSection
	GlobalSection(ProjectConfigurationPlatforms) = postSolution
		{75359096-14B3-4E86-9778-898F9E0EEF4D}.Debug|Any CPU.ActiveCfg = Debug|Any CPU
		{75359096-14B3-4E86-9778-898F9E0EEF4D}.Debug|Any CPU.Build.0 = Debug|Any CPU
		{75359096-14B3-4E86-9778-898F9E0EEF4D}.Release|Any CPU.ActiveCfg = Release|Any CPU
		{75359096-14B3-4E86-9778-898F9E0EEF4D}.Release|Any CPU.Build.0 = Release|Any CPU
		{6A19EF81-2C15-4B36-8687-455BE54E1243}.Debug|Any CPU.ActiveCfg = Debug|Any CPU
		{6A19EF81-2C15-4B36-8687-455BE54E1243}.Debug|Any CPU.Build.0 = Debug|Any CPU
		{6A19EF81-2C15-4B36-8687-455BE54E1243}.Release|Any CPU.ActiveCfg = Release|Any CPU
		{6A19EF81-2C15-4B36-8687-455BE54E1243}.Release|Any CPU.Build.0 = Release|Any CPU
	EndGlobalSection
	GlobalSection(SolutionProperties) = preSolution
		HideSolutionNode = FALSE
	EndGlobalSection
	GlobalSection(ExtensibilityGlobals) = postSolution
		SolutionGuid = {21EC91DF-EDE6-477F-B92E-67D582AEC862}
	EndGlobalSection
EndGlobal
